
Microsoft Visual Studio Solution File, Format Version 12.00
# Visual Studio Version 17
VisualStudioVersion = 17.2.32526.322
MinimumVisualStudioVersion = 10.0.40219.1
Project("{FAE04EC0-301F-11D3-BF4B-00C04F79EFBC}") = "PasswordGenerator", "PasswordGenerator\PasswordGenerator.csproj", "{EBE86090-8CB5-4B3C-BB71-6BA5A7092773}"
EndProject
Global
	GlobalSection(SolutionConfigurationPlatforms) = preSolution
		Debug|Any CPU = Debug|Any CPU
		Release|Any CPU = Release|Any CPU
	EndGlobalSection
	GlobalSection(ProjectConfigurationPlatforms) = postSolution
		{EBE86090-8CB5-4B3C-BB71-6BA5A7092773}.Debug|Any CPU.ActiveCfg = Debug|Any CPU
		{EBE86090-8CB5-4B3C-BB71-6BA5A7092773}.Debug|Any CPU.Build.0 = Debug|Any CPU
		{EBE86090-8CB5-4B3C-BB71-6BA5A7092773}.Release|Any CPU.ActiveCfg = Release|Any CPU
		{EBE86090-8CB5-4B3C-BB71-6BA5A7092773}.Release|Any CPU.Build.0 = Release|Any CPU
	EndGlobalSection
	GlobalSection(SolutionProperties) = preSolution
		HideSolutionNode = FALSE
	EndGlobalSection
	GlobalSection(ExtensibilityGlobals) = postSolution
		SolutionGuid = {28FF3043-EFD5-439C-BC10-FB8354C9B65F}
	EndGlobalSection
EndGlobal
